
Microsoft Visual Studio Solution File, Format Version 10.00
# Visual Studio 2008
Project("{FAE04EC0-301F-11D3-BF4B-00C04F79EFBC}") = "Cqrs.Framework", "Cqrs.Framework\Cqrs.Framework.csproj", "{B5FA3841-49B7-431A-BCFC-3182DCA3E12C}"
EndProject
Project("{FAE04EC0-301F-11D3-BF4B-00C04F79EFBC}") = "CodeTime.Domain", "CodeTime.Domain\CodeTime.Domain.csproj", "{39BF304E-47C5-45BB-A2C8-5281B53FE55B}"
EndProject
Project("{FAE04EC0-301F-11D3-BF4B-00C04F79EFBC}") = "CodeTime.Domain.Tests", "CodeTime.Domain.Tests\CodeTime.Domain.Tests.csproj", "{906CEB6B-0A27-4FF5-99BA-546F8519D87F}"
EndProject
Project("{FAE04EC0-301F-11D3-BF4B-00C04F79EFBC}") = "Cqrs.Db4o", "Cqrs.Db4o\Cqrs.Db4o.csproj", "{999776D3-F9AB-4A81-88F0-6BCCD350511B}"
EndProject
Project("{FAE04EC0-301F-11D3-BF4B-00C04F79EFBC}") = "Cqrs.Db4o.Tests", "Cqrs.Db4o.Tests\Cqrs.Db4o.Tests.csproj", "{E6032192-7E1B-43FA-8F13-E7D57B185499}"
EndProject
Project("{FAE04EC0-301F-11D3-BF4B-00C04F79EFBC}") = "TestUtilities", "TestUtilities\TestUtilities.csproj", "{BEF3FB4B-F4F0-472A-B8F2-D64472DA8230}"
EndProject
Project("{2150E333-8FDC-42A3-9474-1A3956D46DE8}") = "Cqrs", "Cqrs", "{1C9A0929-3E23-43C8-B973-0306231780A2}"
EndProject
Project("{2150E333-8FDC-42A3-9474-1A3956D46DE8}") = "CodeTime", "CodeTime", "{F264D1D8-6A3A-4DBE-9DD9-127B5AA3BB23}"
EndProject
Project("{FAE04EC0-301F-11D3-BF4B-00C04F79EFBC}") = "Cqrs.Framework.Tests", "Cqrs.Framework.Tests\Cqrs.Framework.Tests.csproj", "{93861088-8565-4D72-840D-DD332107FA8D}"
EndProject
Global
	GlobalSection(SolutionConfigurationPlatforms) = preSolution
		Debug|Any CPU = Debug|Any CPU
		Release|Any CPU = Release|Any CPU
	EndGlobalSection
	GlobalSection(ProjectConfigurationPlatforms) = postSolution
		{B5FA3841-49B7-431A-BCFC-3182DCA3E12C}.Debug|Any CPU.ActiveCfg = Debug|Any CPU
		{B5FA3841-49B7-431A-BCFC-3182DCA3E12C}.Debug|Any CPU.Build.0 = Debug|Any CPU
		{B5FA3841-49B7-431A-BCFC-3182DCA3E12C}.Release|Any CPU.ActiveCfg = Release|Any CPU
		{B5FA3841-49B7-431A-BCFC-3182DCA3E12C}.Release|Any CPU.Build.0 = Release|Any CPU
		{39BF304E-47C5-45BB-A2C8-5281B53FE55B}.Debug|Any CPU.ActiveCfg = Debug|Any CPU
		{39BF304E-47C5-45BB-A2C8-5281B53FE55B}.Debug|Any CPU.Build.0 = Debug|Any CPU
		{39BF304E-47C5-45BB-A2C8-5281B53FE55B}.Release|Any CPU.ActiveCfg = Release|Any CPU
		{39BF304E-47C5-45BB-A2C8-5281B53FE55B}.Release|Any CPU.Build.0 = Release|Any CPU
		{906CEB6B-0A27-4FF5-99BA-546F8519D87F}.Debug|Any CPU.ActiveCfg = Debug|Any CPU
		{906CEB6B-0A27-4FF5-99BA-546F8519D87F}.Debug|Any CPU.Build.0 = Debug|Any CPU
		{906CEB6B-0A27-4FF5-99BA-546F8519D87F}.Release|Any CPU.ActiveCfg = Release|Any CPU
		{906CEB6B-0A27-4FF5-99BA-546F8519D87F}.Release|Any CPU.Build.0 = Release|Any CPU
		{999776D3-F9AB-4A81-88F0-6BCCD350511B}.Debug|Any CPU.ActiveCfg = Debug|Any CPU
		{999776D3-F9AB-4A81-88F0-6BCCD350511B}.Debug|Any CPU.Build.0 = Debug|Any CPU
		{999776D3-F9AB-4A81-88F0-6BCCD350511B}.Release|Any CPU.ActiveCfg = Release|Any CPU
		{999776D3-F9AB-4A81-88F0-6BCCD350511B}.Release|Any CPU.Build.0 = Release|Any CPU
		{E6032192-7E1B-43FA-8F13-E7D57B185499}.Debug|Any CPU.ActiveCfg = Debug|Any CPU
		{E6032192-7E1B-43FA-8F13-E7D57B185499}.Debug|Any CPU.Build.0 = Debug|Any CPU
		{E6032192-7E1B-43FA-8F13-E7D57B185499}.Release|Any CPU.ActiveCfg = Release|Any CPU
		{E6032192-7E1B-43FA-8F13-E7D57B185499}.Release|Any CPU.Build.0 = Release|Any CPU
		{BEF3FB4B-F4F0-472A-B8F2-D64472DA8230}.Debug|Any CPU.ActiveCfg = Debug|Any CPU
		{BEF3FB4B-F4F0-472A-B8F2-D64472DA8230}.Debug|Any CPU.Build.0 = Debug|Any CPU
		{BEF3FB4B-F4F0-472A-B8F2-D64472DA8230}.Release|Any CPU.ActiveCfg = Release|Any CPU
		{BEF3FB4B-F4F0-472A-B8F2-D64472DA8230}.Release|Any CPU.Build.0 = Release|Any CPU
		{93861088-8565-4D72-840D-DD332107FA8D}.Debug|Any CPU.ActiveCfg = Debug|Any CPU
		{93861088-8565-4D72-840D-DD332107FA8D}.Debug|Any CPU.Build.0 = Debug|Any CPU
		{93861088-8565-4D72-840D-DD332107FA8D}.Release|Any CPU.ActiveCfg = Release|Any CPU
		{93861088-8565-4D72-840D-DD332107FA8D}.Release|Any CPU.Build.0 = Release|Any CPU
	EndGlobalSection
	GlobalSection(SolutionProperties) = preSolution
		HideSolutionNode = FALSE
	EndGlobalSection
	GlobalSection(NestedProjects) = preSolution
		{B5FA3841-49B7-431A-BCFC-3182DCA3E12C} = {1C9A0929-3E23-43C8-B973-0306231780A2}
		{E6032192-7E1B-43FA-8F13-E7D57B185499} = {1C9A0929-3E23-43C8-B973-0306231780A2}
		{999776D3-F9AB-4A81-88F0-6BCCD350511B} = {1C9A0929-3E23-43C8-B973-0306231780A2}
		{BEF3FB4B-F4F0-472A-B8F2-D64472DA8230} = {1C9A0929-3E23-43C8-B973-0306231780A2}
		{93861088-8565-4D72-840D-DD332107FA8D} = {1C9A0929-3E23-43C8-B973-0306231780A2}
		{906CEB6B-0A27-4FF5-99BA-546F8519D87F} = {F264D1D8-6A3A-4DBE-9DD9-127B5AA3BB23}
		{39BF304E-47C5-45BB-A2C8-5281B53FE55B} = {F264D1D8-6A3A-4DBE-9DD9-127B5AA3BB23}
	EndGlobalSection
EndGlobal
